
Microsoft Visual Studio Solution File, Format Version 12.00
# Visual Studio Version 16
VisualStudioVersion = 16.0.30204.135
MinimumVisualStudioVersion = 10.0.40219.1
Project("{FAE04EC0-301F-11D3-BF4B-00C04F79EFBC}") = "KafkaProducerSample.Console", "KafkaProducerSample.Console\KafkaProducerSample.Console.csproj", "{C5D3B220-3C1F-4E0B-BA8C-853FB65C5260}"
EndProject
Global
	GlobalSection(SolutionConfigurationPlatforms) = preSolution
		Debug|Any CPU = Debug|Any CPU
		Release|Any CPU = Release|Any CPU
	EndGlobalSection
	GlobalSection(ProjectConfigurationPlatforms) = postSolution
		{C5D3B220-3C1F-4E0B-BA8C-853FB65C5260}.Debug|Any CPU.ActiveCfg = Debug|Any CPU
		{C5D3B220-3C1F-4E0B-BA8C-853FB65C5260}.Debug|Any CPU.Build.0 = Debug|Any CPU
		{C5D3B220-3C1F-4E0B-BA8C-853FB65C5260}.Release|Any CPU.ActiveCfg = Release|Any CPU
		{C5D3B220-3C1F-4E0B-BA8C-853FB65C5260}.Release|Any CPU.Build.0 = Release|Any CPU
	EndGlobalSection
	GlobalSection(SolutionProperties) = preSolution
		HideSolutionNode = FALSE
	EndGlobalSection
	GlobalSection(ExtensibilityGlobals) = postSolution
		SolutionGuid = {CFA0D54D-ED09-414A-9A2E-B4A44EDC5548}
	EndGlobalSection
EndGlobal
